
Microsoft Visual Studio Solution File, Format Version 12.00
# Visual Studio Version 17
VisualStudioVersion = 17.5.002.0
MinimumVisualStudioVersion = 10.0.40219.1
Project("{9A19103F-16F7-4668-BE54-9A1E7A4F7556}") = "tabuada", "tabuada.csproj", "{7F36EC9C-105E-4FBA-BDA3-3ED37596852D}"
EndProject
Global
	GlobalSection(SolutionConfigurationPlatforms) = preSolution
		Debug|Any CPU = Debug|Any CPU
		Release|Any CPU = Release|Any CPU
	EndGlobalSection
	GlobalSection(ProjectConfigurationPlatforms) = postSolution
		{7F36EC9C-105E-4FBA-BDA3-3ED37596852D}.Debug|Any CPU.ActiveCfg = Debug|Any CPU
		{7F36EC9C-105E-4FBA-BDA3-3ED37596852D}.Debug|Any CPU.Build.0 = Debug|Any CPU
		{7F36EC9C-105E-4FBA-BDA3-3ED37596852D}.Release|Any CPU.ActiveCfg = Release|Any CPU
		{7F36EC9C-105E-4FBA-BDA3-3ED37596852D}.Release|Any CPU.Build.0 = Release|Any CPU
	EndGlobalSection
	GlobalSection(SolutionProperties) = preSolution
		HideSolutionNode = FALSE
	EndGlobalSection
	GlobalSection(ExtensibilityGlobals) = postSolution
		SolutionGuid = {C71BFE01-FD05-4B60-87E5-DA5A29DDDAB4}
	EndGlobalSection
EndGlobal
